github.com/bazelbuild/rules_go v0.49.0 h1:5vCbuvy8Q11g41lseGJDc5vxhDjJtfxr6nM/IC4VmqM=
github.com/bazelbuild/rules_go v0.49.0/go.mod h1:Dhcz716Kqg1RHNWos+N6MlXNkjNP2EwZQ0LukRKJfMs=
golang.org/x/sys v0.18.0 h1:DBdB3niSjOA/O0blCZBqDefyWNYveAYMNF1Wum0DYQ4=
golang.org/x/sys v0.18.0/go.mod h1:/VUhepiaJMQUp4+oa/7Zr1D23ma6VTLIYjOOTFZPUcA=
